
Microsoft Visual Studio Solution File, Format Version 12.00
Project("{FAE04EC0-301F-11D3-BF4B-00C04F79EFBC}") = "MyTestApp", "MyTestApp.csproj", "{9DDED883-80C5-4B8F-85C6-95F605D2FEBF}"
EndProject
Global
	GlobalSection(SolutionConfigurationPlatforms) = preSolution
		Debug|Any CPU = Debug|Any CPU
		Release|Any CPU = Release|Any CPU
	EndGlobalSection
	GlobalSection(ProjectConfigurationPlatforms) = postSolution
		{9DDED883-80C5-4B8F-85C6-95F605D2FEBF}.Debug|Any CPU.ActiveCfg = Debug|Any CPU
		{9DDED883-80C5-4B8F-85C6-95F605D2FEBF}.Debug|Any CPU.Build.0 = Debug|Any CPU
		{9DDED883-80C5-4B8F-85C6-95F605D2FEBF}.Release|Any CPU.ActiveCfg = Release|Any CPU
		{9DDED883-80C5-4B8F-85C6-95F605D2FEBF}.Release|Any CPU.Build.0 = Release|Any CPU
	EndGlobalSection
EndGlobal
